
Microsoft Visual Studio Solution File, Format Version 12.00
# Visual Studio Version 17
VisualStudioVersion = 17.4.33205.214
MinimumVisualStudioVersion = 10.0.40219.1
Project("{FAE04EC0-301F-11D3-BF4B-00C04F79EFBC}") = "Procircle", "WebApplication1\Procircle.csproj", "{1330B0EA-BA27-4FC0-9FE6-314DB17BB237}"
EndProject
Global
	GlobalSection(SolutionConfigurationPlatforms) = preSolution
		Debug|Any CPU = Debug|Any CPU
		Release|Any CPU = Release|Any CPU
	EndGlobalSection
	GlobalSection(ProjectConfigurationPlatforms) = postSolution
		{1330B0EA-BA27-4FC0-9FE6-314DB17BB237}.Debug|Any CPU.ActiveCfg = Debug|Any CPU
		{1330B0EA-BA27-4FC0-9FE6-314DB17BB237}.Debug|Any CPU.Build.0 = Debug|Any CPU
		{1330B0EA-BA27-4FC0-9FE6-314DB17BB237}.Release|Any CPU.ActiveCfg = Release|Any CPU
		{1330B0EA-BA27-4FC0-9FE6-314DB17BB237}.Release|Any CPU.Build.0 = Release|Any CPU
	EndGlobalSection
	GlobalSection(SolutionProperties) = preSolution
		HideSolutionNode = FALSE
	EndGlobalSection
	GlobalSection(ExtensibilityGlobals) = postSolution
		SolutionGuid = {8C258247-6FBA-4AAE-88EB-AEF487696680}
	EndGlobalSection
EndGlobal
